
Microsoft Visual Studio Solution File, Format Version 12.00
# Visual Studio Version 17
VisualStudioVersion = 17.7.34031.279
MinimumVisualStudioVersion = 10.0.40219.1
Project("{FAE04EC0-301F-11D3-BF4B-00C04F79EFBC}") = "5.1 zadanie 18", "5.1 zadanie 18\5.1 zadanie 18.csproj", "{7A15AF4C-7F75-419E-A744-05DF619B3E48}"
EndProject
Global
	GlobalSection(SolutionConfigurationPlatforms) = preSolution
		Debug|Any CPU = Debug|Any CPU
		Release|Any CPU = Release|Any CPU
	EndGlobalSection
	GlobalSection(ProjectConfigurationPlatforms) = postSolution
		{7A15AF4C-7F75-419E-A744-05DF619B3E48}.Debug|Any CPU.ActiveCfg = Debug|Any CPU
		{7A15AF4C-7F75-419E-A744-05DF619B3E48}.Debug|Any CPU.Build.0 = Debug|Any CPU
		{7A15AF4C-7F75-419E-A744-05DF619B3E48}.Release|Any CPU.ActiveCfg = Release|Any CPU
		{7A15AF4C-7F75-419E-A744-05DF619B3E48}.Release|Any CPU.Build.0 = Release|Any CPU
	EndGlobalSection
	GlobalSection(SolutionProperties) = preSolution
		HideSolutionNode = FALSE
	EndGlobalSection
	GlobalSection(ExtensibilityGlobals) = postSolution
		SolutionGuid = {74F8D778-1C5D-476C-B3EC-3C7CB86ECC28}
	EndGlobalSection
EndGlobal
